
Microsoft Visual Studio Solution File, Format Version 12.00
# Visual Studio Version 16
VisualStudioVersion = 16.0.31129.286
MinimumVisualStudioVersion = 10.0.40219.1
Project("{2150E333-8FDC-42A3-9474-1A3956D46DE8}") = "src", "src", "{8E69BF70-F198-470F-BC88-5E508DFB2A15}"
EndProject
Project("{2150E333-8FDC-42A3-9474-1A3956D46DE8}") = "Core", "Core", "{F9E65A05-B907-429F-AD40-7D214AFF40A8}"
EndProject
Project("{2150E333-8FDC-42A3-9474-1A3956D46DE8}") = "Common", "Common", "{4169F3B7-1FC6-42AE-BD55-C60FE7380564}"
EndProject
Project("{2150E333-8FDC-42A3-9474-1A3956D46DE8}") = "Infrastructrure", "Infrastructrure", "{DD9D36CD-C0B7-4ECE-932A-2AE40C0AB32D}"
EndProject
Project("{2150E333-8FDC-42A3-9474-1A3956D46DE8}") = "API", "API", "{14E5C59C-1AAA-44EE-B496-076E771C14A6}"
EndProject
Project("{2150E333-8FDC-42A3-9474-1A3956D46DE8}") = "Presentation", "Presentation", "{665C044C-9B5A-44E9-9E68-D658C7D11357}"
EndProject
Project("{2150E333-8FDC-42A3-9474-1A3956D46DE8}") = "Client", "Client", "{899916E8-DDB0-41E4-8A01-1C0396083D38}"
EndProject
Project("{2150E333-8FDC-42A3-9474-1A3956D46DE8}") = "Web", "Web", "{C51F8E71-190B-4A1E-9240-ABC6ABF93D44}"
EndProject
Project("{FAE04EC0-301F-11D3-BF4B-00C04F79EFBC}") = "DevSocialMediaCaseProject.WebAPI", "src\API\Presentation\DevSocialMediaCaseProject.WebAPI\DevSocialMediaCaseProject.WebAPI.csproj", "{36F2EA50-4CF6-476D-A290-5542B723BE33}"
EndProject
Project("{FAE04EC0-301F-11D3-BF4B-00C04F79EFBC}") = "DevSocialMediaCaseProject.Application", "src\API\Core\DevSocialMediaCaseProject.Application\DevSocialMediaCaseProject.Application.csproj", "{DF0140AF-04D3-4F00-A261-3E0398EBE197}"
EndProject
Project("{FAE04EC0-301F-11D3-BF4B-00C04F79EFBC}") = "DevSocialMediaCaseProject.Domain", "src\API\Core\DevSocialMediaCaseProject.Domain\DevSocialMediaCaseProject.Domain.csproj", "{9CCEA93A-2CD7-44DB-A122-35D3D6FEC4B2}"
EndProject
Project("{FAE04EC0-301F-11D3-BF4B-00C04F79EFBC}") = "DevSocialMediaCaseProject.Persistence", "src\API\Infrastructure\DevSocialMediaCaseProject.Persistence\DevSocialMediaCaseProject.Persistence.csproj", "{F04CEC97-93C6-4B99-A962-632A89FD84A5}"
EndProject
Project("{FAE04EC0-301F-11D3-BF4B-00C04F79EFBC}") = "DevSocialMediaCaseProject.Common", "src\API\Common\DevSocialMediaCaseProject.Common\DevSocialMediaCaseProject.Common.csproj", "{0A248C5F-4335-43BC-980D-DFC5CC83F1CA}"
EndProject
Global
	GlobalSection(SolutionConfigurationPlatforms) = preSolution
		Debug|Any CPU = Debug|Any CPU
		Release|Any CPU = Release|Any CPU
	EndGlobalSection
	GlobalSection(ProjectConfigurationPlatforms) = postSolution
		{36F2EA50-4CF6-476D-A290-5542B723BE33}.Debug|Any CPU.ActiveCfg = Debug|Any CPU
		{36F2EA50-4CF6-476D-A290-5542B723BE33}.Debug|Any CPU.Build.0 = Debug|Any CPU
		{36F2EA50-4CF6-476D-A290-5542B723BE33}.Release|Any CPU.ActiveCfg = Release|Any CPU
		{36F2EA50-4CF6-476D-A290-5542B723BE33}.Release|Any CPU.Build.0 = Release|Any CPU
		{DF0140AF-04D3-4F00-A261-3E0398EBE197}.Debug|Any CPU.ActiveCfg = Debug|Any CPU
		{DF0140AF-04D3-4F00-A261-3E0398EBE197}.Debug|Any CPU.Build.0 = Debug|Any CPU
		{DF0140AF-04D3-4F00-A261-3E0398EBE197}.Release|Any CPU.ActiveCfg = Release|Any CPU
		{DF0140AF-04D3-4F00-A261-3E0398EBE197}.Release|Any CPU.Build.0 = Release|Any CPU
		{9CCEA93A-2CD7-44DB-A122-35D3D6FEC4B2}.Debug|Any CPU.ActiveCfg = Debug|Any CPU
		{9CCEA93A-2CD7-44DB-A122-35D3D6FEC4B2}.Debug|Any CPU.Build.0 = Debug|Any CPU
		{9CCEA93A-2CD7-44DB-A122-35D3D6FEC4B2}.Release|Any CPU.ActiveCfg = Release|Any CPU
		{9CCEA93A-2CD7-44DB-A122-35D3D6FEC4B2}.Release|Any CPU.Build.0 = Release|Any CPU
		{F04CEC97-93C6-4B99-A962-632A89FD84A5}.Debug|Any CPU.ActiveCfg = Debug|Any CPU
		{F04CEC97-93C6-4B99-A962-632A89FD84A5}.Debug|Any CPU.Build.0 = Debug|Any CPU
		{F04CEC97-93C6-4B99-A962-632A89FD84A5}.Release|Any CPU.ActiveCfg = Release|Any CPU
		{F04CEC97-93C6-4B99-A962-632A89FD84A5}.Release|Any CPU.Build.0 = Release|Any CPU
		{0A248C5F-4335-43BC-980D-DFC5CC83F1CA}.Debug|Any CPU.ActiveCfg = Debug|Any CPU
		{0A248C5F-4335-43BC-980D-DFC5CC83F1CA}.Debug|Any CPU.Build.0 = Debug|Any CPU
		{0A248C5F-4335-43BC-980D-DFC5CC83F1CA}.Release|Any CPU.ActiveCfg = Release|Any CPU
		{0A248C5F-4335-43BC-980D-DFC5CC83F1CA}.Release|Any CPU.Build.0 = Release|Any CPU
	EndGlobalSection
	GlobalSection(SolutionProperties) = preSolution
		HideSolutionNode = FALSE
	EndGlobalSection
	GlobalSection(NestedProjects) = preSolution
		{F9E65A05-B907-429F-AD40-7D214AFF40A8} = {14E5C59C-1AAA-44EE-B496-076E771C14A6}
		{4169F3B7-1FC6-42AE-BD55-C60FE7380564} = {14E5C59C-1AAA-44EE-B496-076E771C14A6}
		{DD9D36CD-C0B7-4ECE-932A-2AE40C0AB32D} = {14E5C59C-1AAA-44EE-B496-076E771C14A6}
		{14E5C59C-1AAA-44EE-B496-076E771C14A6} = {8E69BF70-F198-470F-BC88-5E508DFB2A15}
		{665C044C-9B5A-44E9-9E68-D658C7D11357} = {14E5C59C-1AAA-44EE-B496-076E771C14A6}
		{899916E8-DDB0-41E4-8A01-1C0396083D38} = {8E69BF70-F198-470F-BC88-5E508DFB2A15}
		{C51F8E71-190B-4A1E-9240-ABC6ABF93D44} = {899916E8-DDB0-41E4-8A01-1C0396083D38}
		{36F2EA50-4CF6-476D-A290-5542B723BE33} = {665C044C-9B5A-44E9-9E68-D658C7D11357}
		{DF0140AF-04D3-4F00-A261-3E0398EBE197} = {F9E65A05-B907-429F-AD40-7D214AFF40A8}
		{9CCEA93A-2CD7-44DB-A122-35D3D6FEC4B2} = {F9E65A05-B907-429F-AD40-7D214AFF40A8}
		{F04CEC97-93C6-4B99-A962-632A89FD84A5} = {DD9D36CD-C0B7-4ECE-932A-2AE40C0AB32D}
		{0A248C5F-4335-43BC-980D-DFC5CC83F1CA} = {4169F3B7-1FC6-42AE-BD55-C60FE7380564}
	EndGlobalSection
	GlobalSection(ExtensibilityGlobals) = postSolution
		SolutionGuid = {B316EA7E-161B-4F9D-9207-300F8CAD583E}
	EndGlobalSection
EndGlobal
